{
  "version": "4",
  "specifiers": {
    "jsr:@oak/commons@1": "1.0.0",
    "jsr:@std/assert@1": "1.0.9",
    "jsr:@std/bytes@1": "1.0.4",
    "jsr:@std/bytes@^1.0.2": "1.0.4",
    "jsr:@std/crypto@1": "1.0.3",
    "jsr:@std/encoding@1": "1.0.5",
    "jsr:@std/encoding@^1.0.5": "1.0.5",
    "jsr:@std/http@1": "1.0.12",
    "jsr:@std/io@0.224": "0.224.9",
    "jsr:@std/media-types@1": "1.1.0",
    "jsr:@std/path@1": "1.0.8",
    "npm:@svelte-put/qr@^2.1.0": "2.1.0_svelte@5.9.0__acorn@8.14.0",
    "npm:@sveltejs/adapter-node@^5.2.9": "5.2.11_@sveltejs+kit@2.15.1__@sveltejs+vite-plugin-svelte@5.0.3___svelte@5.9.0____acorn@8.14.0___vite@6.0.7____@types+node@22.5.4___@types+node@22.5.4__svelte@5.9.0___acorn@8.14.0__vite@6.0.7___@types+node@22.5.4__@types+node@22.5.4_rollup@4.29.1_@sveltejs+vite-plugin-svelte@5.0.3__svelte@5.9.0___acorn@8.14.0__vite@6.0.7___@types+node@22.5.4__@types+node@22.5.4_svelte@5.9.0__acorn@8.14.0_vite@6.0.7__@types+node@22.5.4_@types+node@22.5.4",
    "npm:@sveltejs/kit@1": "1.30.4_svelte@5.9.0__acorn@8.14.0_vite@4.5.5__@types+node@22.5.4_@types+node@22.5.4",
    "npm:@sveltejs/kit@^2.10.1": "2.15.1_@sveltejs+vite-plugin-svelte@5.0.3__svelte@5.9.0___acorn@8.14.0__vite@6.0.7___@types+node@22.5.4__@types+node@22.5.4_svelte@5.9.0__acorn@8.14.0_vite@6.0.7__@types+node@22.5.4_@types+node@22.5.4",
    "npm:@sveltejs/vite-plugin-svelte@5": "5.0.3_svelte@5.9.0__acorn@8.14.0_vite@6.0.7__@types+node@22.5.4_@types+node@22.5.4",
    "npm:@types/deno@2": "2.0.0",
    "npm:@types/node@*": "22.5.4",
    "npm:path-to-regexp@6.2.1": "6.2.1",
    "npm:svelte-check@4": "4.1.1_svelte@5.9.0__acorn@8.14.0_typescript@5.7.2",
    "npm:svelte@5": "5.9.0_acorn@8.14.0",
    "npm:typescript@5": "5.7.2",
    "npm:vite@6": "6.0.7_@types+node@22.5.4"
  },
  "jsr": {
    "@oak/commons@1.0.0": {
      "integrity": "49805b55603c3627a9d6235c0655aa2b6222d3036b3a13ff0380c16368f607ac",
      "dependencies": [
        "jsr:@std/assert",
        "jsr:@std/bytes@1",
        "jsr:@std/crypto",
        "jsr:@std/encoding@1",
        "jsr:@std/http",
        "jsr:@std/media-types"
      ]
    },
    "@std/assert@1.0.9": {
      "integrity": "a9f0c611a869cc791b26f523eec54c7e187aab7932c2c8e8bea0622d13680dcd"
    },
    "@std/bytes@1.0.4": {
      "integrity": "11a0debe522707c95c7b7ef89b478c13fb1583a7cfb9a85674cd2cc2e3a28abc"
    },
    "@std/crypto@1.0.3": {
      "integrity": "a2a32f51ddef632d299e3879cd027c630dcd4d1d9a5285d6e6788072f4e51e7f"
    },
    "@std/encoding@1.0.5": {
      "integrity": "ecf363d4fc25bd85bd915ff6733a7e79b67e0e7806334af15f4645c569fefc04"
    },
    "@std/http@1.0.12": {
      "integrity": "85246d8bfe9c8e2538518725b158bdc31f616e0869255f4a8d9e3de919cab2aa",
      "dependencies": [
        "jsr:@std/encoding@^1.0.5"
      ]
    },
    "@std/io@0.224.9": {
      "integrity": "4414664b6926f665102e73c969cfda06d2c4c59bd5d0c603fd4f1b1c840d6ee3",
      "dependencies": [
        "jsr:@std/bytes@^1.0.2"
      ]
    },
    "@std/media-types@1.1.0": {
      "integrity": "c9d093f0c05c3512932b330e3cc1fe1d627b301db33a4c2c2185c02471d6eaa4"
    },
    "@std/path@1.0.8": {
      "integrity": "548fa456bb6a04d3c1a1e7477986b6cffbce95102d0bb447c67c4ee70e0364be"
    }
  },
  "npm": {
    "@ampproject/remapping@2.3.0": {
      "integrity": "sha512-30iZtAPgz+LTIYoeivqYo853f02jBYSd5uGnGpkFV0M3xOt9aN73erkgYAmZU43x4VfqcnLxW9Kpg3R5LC4YYw==",
      "dependencies": [
        "@jridgewell/gen-mapping",
        "@jridgewell/trace-mapping"
      ]
    },
    "@esbuild/aix-ppc64@0.24.2": {
      "integrity": "sha512-thpVCb/rhxE/BnMLQ7GReQLLN8q9qbHmI55F4489/ByVg2aQaQ6kbcLb6FHkocZzQhxc4gx0sCk0tJkKBFzDhA=="
    },
    "@esbuild/android-arm64@0.18.20": {
      "integrity": "sha512-Nz4rJcchGDtENV0eMKUNa6L12zz2zBDXuhj/Vjh18zGqB44Bi7MBMSXjgunJgjRhCmKOjnPuZp4Mb6OKqtMHLQ=="
    },
    "@esbuild/android-arm64@0.24.2": {
      "integrity": "sha512-cNLgeqCqV8WxfcTIOeL4OAtSmL8JjcN6m09XIgro1Wi7cF4t/THaWEa7eL5CMoMBdjoHOTh/vwTO/o2TRXIyzg=="
    },
    "@esbuild/android-arm@0.18.20": {
      "integrity": "sha512-fyi7TDI/ijKKNZTUJAQqiG5T7YjJXgnzkURqmGj13C6dCqckZBLdl4h7bkhHt/t0WP+zO9/zwroDvANaOqO5Sw=="
    },
    "@esbuild/android-arm@0.24.2": {
      "integrity": "sha512-tmwl4hJkCfNHwFB3nBa8z1Uy3ypZpxqxfTQOcHX+xRByyYgunVbZ9MzUUfb0RxaHIMnbHagwAxuTL+tnNM+1/Q=="
    },
    "@esbuild/android-x64@0.18.20": {
      "integrity": "sha512-8GDdlePJA8D6zlZYJV/jnrRAi6rOiNaCC/JclcXpB+KIuvfBN4owLtgzY2bsxnx666XjJx2kDPUmnTtR8qKQUg=="
    },
    "@esbuild/android-x64@0.24.2": {
      "integrity": "sha512-B6Q0YQDqMx9D7rvIcsXfmJfvUYLoP722bgfBlO5cGvNVb5V/+Y7nhBE3mHV9OpxBf4eAS2S68KZztiPaWq4XYw=="
    },
    "@esbuild/darwin-arm64@0.18.20": {
      "integrity": "sha512-bxRHW5kHU38zS2lPTPOyuyTm+S+eobPUnTNkdJEfAddYgEcll4xkT8DB9d2008DtTbl7uJag2HuE5NZAZgnNEA=="
    },
    "@esbuild/darwin-arm64@0.24.2": {
      "integrity": "sha512-kj3AnYWc+CekmZnS5IPu9D+HWtUI49hbnyqk0FLEJDbzCIQt7hg7ucF1SQAilhtYpIujfaHr6O0UHlzzSPdOeA=="
    },
    "@esbuild/darwin-x64@0.18.20": {
      "integrity": "sha512-pc5gxlMDxzm513qPGbCbDukOdsGtKhfxD1zJKXjCCcU7ju50O7MeAZ8c4krSJcOIJGFR+qx21yMMVYwiQvyTyQ=="
    },
    "@esbuild/darwin-x64@0.24.2": {
      "integrity": "sha512-WeSrmwwHaPkNR5H3yYfowhZcbriGqooyu3zI/3GGpF8AyUdsrrP0X6KumITGA9WOyiJavnGZUwPGvxvwfWPHIA=="
    },
    "@esbuild/freebsd-arm64@0.18.20": {
      "integrity": "sha512-yqDQHy4QHevpMAaxhhIwYPMv1NECwOvIpGCZkECn8w2WFHXjEwrBn3CeNIYsibZ/iZEUemj++M26W3cNR5h+Tw=="
    },
    "@esbuild/freebsd-arm64@0.24.2": {
      "integrity": "sha512-UN8HXjtJ0k/Mj6a9+5u6+2eZ2ERD7Edt1Q9IZiB5UZAIdPnVKDoG7mdTVGhHJIeEml60JteamR3qhsr1r8gXvg=="
    },
    "@esbuild/freebsd-x64@0.18.20": {
      "integrity": "sha512-tgWRPPuQsd3RmBZwarGVHZQvtzfEBOreNuxEMKFcd5DaDn2PbBxfwLcj4+aenoh7ctXcbXmOQIn8HI6mCSw5MQ=="
    },
    "@esbuild/freebsd-x64@0.24.2": {
      "integrity": "sha512-TvW7wE/89PYW+IevEJXZ5sF6gJRDY/14hyIGFXdIucxCsbRmLUcjseQu1SyTko+2idmCw94TgyaEZi9HUSOe3Q=="
    },
    "@esbuild/linux-arm64@0.18.20": {
      "integrity": "sha512-2YbscF+UL7SQAVIpnWvYwM+3LskyDmPhe31pE7/aoTMFKKzIc9lLbyGUpmmb8a8AixOL61sQ/mFh3jEjHYFvdA=="
    },
    "@esbuild/linux-arm64@0.24.2": {
      "integrity": "sha512-7HnAD6074BW43YvvUmE/35Id9/NB7BeX5EoNkK9obndmZBUk8xmJJeU7DwmUeN7tkysslb2eSl6CTrYz6oEMQg=="
    },
    "@esbuild/linux-arm@0.18.20": {
      "integrity": "sha512-/5bHkMWnq1EgKr1V+Ybz3s1hWXok7mDFUMQ4cG10AfW3wL02PSZi5kFpYKrptDsgb2WAJIvRcDm+qIvXf/apvg=="
    },
    "@esbuild/linux-arm@0.24.2": {
      "integrity": "sha512-n0WRM/gWIdU29J57hJyUdIsk0WarGd6To0s+Y+LwvlC55wt+GT/OgkwoXCXvIue1i1sSNWblHEig00GBWiJgfA=="
    },
    "@esbuild/linux-ia32@0.18.20": {
      "integrity": "sha512-P4etWwq6IsReT0E1KHU40bOnzMHoH73aXp96Fs8TIT6z9Hu8G6+0SHSw9i2isWrD2nbx2qo5yUqACgdfVGx7TA=="
    },
    "@esbuild/linux-ia32@0.24.2": {
      "integrity": "sha512-sfv0tGPQhcZOgTKO3oBE9xpHuUqguHvSo4jl+wjnKwFpapx+vUDcawbwPNuBIAYdRAvIDBfZVvXprIj3HA+Ugw=="
    },
    "@esbuild/linux-loong64@0.18.20": {
      "integrity": "sha512-nXW8nqBTrOpDLPgPY9uV+/1DjxoQ7DoB2N8eocyq8I9XuqJ7BiAMDMf9n1xZM9TgW0J8zrquIb/A7s3BJv7rjg=="
    },
    "@esbuild/linux-loong64@0.24.2": {
      "integrity": "sha512-CN9AZr8kEndGooS35ntToZLTQLHEjtVB5n7dl8ZcTZMonJ7CCfStrYhrzF97eAecqVbVJ7APOEe18RPI4KLhwQ=="
    },
    "@esbuild/linux-mips64el@0.18.20": {
      "integrity": "sha512-d5NeaXZcHp8PzYy5VnXV3VSd2D328Zb+9dEq5HE6bw6+N86JVPExrA6O68OPwobntbNJ0pzCpUFZTo3w0GyetQ=="
    },
    "@esbuild/linux-mips64el@0.24.2": {
      "integrity": "sha512-iMkk7qr/wl3exJATwkISxI7kTcmHKE+BlymIAbHO8xanq/TjHaaVThFF6ipWzPHryoFsesNQJPE/3wFJw4+huw=="
    },
    "@esbuild/linux-ppc64@0.18.20": {
      "integrity": "sha512-WHPyeScRNcmANnLQkq6AfyXRFr5D6N2sKgkFo2FqguP44Nw2eyDlbTdZwd9GYk98DZG9QItIiTlFLHJHjxP3FA=="
    },
    "@esbuild/linux-ppc64@0.24.2": {
      "integrity": "sha512-shsVrgCZ57Vr2L8mm39kO5PPIb+843FStGt7sGGoqiiWYconSxwTiuswC1VJZLCjNiMLAMh34jg4VSEQb+iEbw=="
    },
    "@esbuild/linux-riscv64@0.18.20": {
      "integrity": "sha512-WSxo6h5ecI5XH34KC7w5veNnKkju3zBRLEQNY7mv5mtBmrP/MjNBCAlsM2u5hDBlS3NGcTQpoBvRzqBcRtpq1A=="
    },
    "@esbuild/linux-riscv64@0.24.2": {
      "integrity": "sha512-4eSFWnU9Hhd68fW16GD0TINewo1L6dRrB+oLNNbYyMUAeOD2yCK5KXGK1GH4qD/kT+bTEXjsyTCiJGHPZ3eM9Q=="
    },
    "@esbuild/linux-s390x@0.18.20": {
      "integrity": "sha512-+8231GMs3mAEth6Ja1iK0a1sQ3ohfcpzpRLH8uuc5/KVDFneH6jtAJLFGafpzpMRO6DzJ6AvXKze9LfFMrIHVQ=="
    },
    "@esbuild/linux-s390x@0.24.2": {
      "integrity": "sha512-S0Bh0A53b0YHL2XEXC20bHLuGMOhFDO6GN4b3YjRLK//Ep3ql3erpNcPlEFed93hsQAjAQDNsvcK+hV90FubSw=="
    },
    "@esbuild/linux-x64@0.18.20": {
      "integrity": "sha512-UYqiqemphJcNsFEskc73jQ7B9jgwjWrSayxawS6UVFZGWrAAtkzjxSqnoclCXxWtfwLdzU+vTpcNYhpn43uP1w=="
    },
    "@esbuild/linux-x64@0.24.2": {
      "integrity": "sha512-8Qi4nQcCTbLnK9WoMjdC9NiTG6/E38RNICU6sUNqK0QFxCYgoARqVqxdFmWkdonVsvGqWhmm7MO0jyTqLqwj0Q=="
    },
    "@esbuild/netbsd-arm64@0.24.2": {
      "integrity": "sha512-wuLK/VztRRpMt9zyHSazyCVdCXlpHkKm34WUyinD2lzK07FAHTq0KQvZZlXikNWkDGoT6x3TD51jKQ7gMVpopw=="
    },
    "@esbuild/netbsd-x64@0.18.20": {
      "integrity": "sha512-iO1c++VP6xUBUmltHZoMtCUdPlnPGdBom6IrO4gyKPFFVBKioIImVooR5I83nTew5UOYrk3gIJhbZh8X44y06A=="
    },
    "@esbuild/netbsd-x64@0.24.2": {
      "integrity": "sha512-VefFaQUc4FMmJuAxmIHgUmfNiLXY438XrL4GDNV1Y1H/RW3qow68xTwjZKfj/+Plp9NANmzbH5R40Meudu8mmw=="
    },
    "@esbuild/openbsd-arm64@0.24.2": {
      "integrity": "sha512-YQbi46SBct6iKnszhSvdluqDmxCJA+Pu280Av9WICNwQmMxV7nLRHZfjQzwbPs3jeWnuAhE9Jy0NrnJ12Oz+0A=="
    },
    "@esbuild/openbsd-x64@0.18.20": {
      "integrity": "sha512-e5e4YSsuQfX4cxcygw/UCPIEP6wbIL+se3sxPdCiMbFLBWu0eiZOJ7WoD+ptCLrmjZBK1Wk7I6D/I3NglUGOxg=="
    },
    "@esbuild/openbsd-x64@0.24.2": {
      "integrity": "sha512-+iDS6zpNM6EnJyWv0bMGLWSWeXGN/HTaF/LXHXHwejGsVi+ooqDfMCCTerNFxEkM3wYVcExkeGXNqshc9iMaOA=="
    },
    "@esbuild/sunos-x64@0.18.20": {
      "integrity": "sha512-kDbFRFp0YpTQVVrqUd5FTYmWo45zGaXe0X8E1G/LKFC0v8x0vWrhOWSLITcCn63lmZIxfOMXtCfti/RxN/0wnQ=="
    },
    "@esbuild/sunos-x64@0.24.2": {
      "integrity": "sha512-hTdsW27jcktEvpwNHJU4ZwWFGkz2zRJUz8pvddmXPtXDzVKTTINmlmga3ZzwcuMpUvLw7JkLy9QLKyGpD2Yxig=="
    },
    "@esbuild/win32-arm64@0.18.20": {
      "integrity": "sha512-ddYFR6ItYgoaq4v4JmQQaAI5s7npztfV4Ag6NrhiaW0RrnOXqBkgwZLofVTlq1daVTQNhtI5oieTvkRPfZrePg=="
    },
    "@esbuild/win32-arm64@0.24.2": {
      "integrity": "sha512-LihEQ2BBKVFLOC9ZItT9iFprsE9tqjDjnbulhHoFxYQtQfai7qfluVODIYxt1PgdoyQkz23+01rzwNwYfutxUQ=="
    },
    "@esbuild/win32-ia32@0.18.20": {
      "integrity": "sha512-Wv7QBi3ID/rROT08SABTS7eV4hX26sVduqDOTe1MvGMjNd3EjOz4b7zeexIR62GTIEKrfJXKL9LFxTYgkyeu7g=="
    },
    "@esbuild/win32-ia32@0.24.2": {
      "integrity": "sha512-q+iGUwfs8tncmFC9pcnD5IvRHAzmbwQ3GPS5/ceCyHdjXubwQWI12MKWSNSMYLJMq23/IUCvJMS76PDqXe1fxA=="
    },
    "@esbuild/win32-x64@0.18.20": {
      "integrity": "sha512-kTdfRcSiDfQca/y9QIkng02avJ+NCaQvrMejlsB3RRv5sE9rRoeBPISaZpKxHELzRxZyLvNts1P27W3wV+8geQ=="
    },
    "@esbuild/win32-x64@0.24.2": {
      "integrity": "sha512-7VTgWzgMGvup6aSqDPLiW5zHaxYJGTO4OokMjIlrCtf+VpEL+cXKtCvg723iguPYI5oaUNdS+/V7OU2gvXVWEg=="
    },
    "@fastify/busboy@2.1.1": {
      "integrity": "sha512-vBZP4NlzfOlerQTnba4aqZoMhE/a9HY7HRqoOPaETQcSQuWEIyZMHGfVu6w9wGtGK5fED5qRs2DteVCjOH60sA=="
    },
    "@jridgewell/gen-mapping@0.3.5": {
      "integrity": "sha512-IzL8ZoEDIBRWEzlCcRhOaCupYyN5gdIK+Q6fbFdPDg6HqX6jpkItn7DFIpW9LQzXG6Df9sA7+OKnq0qlz/GaQg==",
      "dependencies": [
        "@jridgewell/set-array",
        "@jridgewell/sourcemap-codec",
        "@jridgewell/trace-mapping"
      ]
    },
    "@jridgewell/resolve-uri@3.1.2": {
      "integrity": "sha512-bRISgCIjP20/tbWSPWMEi54QVPRZExkuD9lJL+UIxUKtwVJA8wW1Trb1jMs1RFXo1CBTNZ/5hpC9QvmKWdopKw=="
    },
    "@jridgewell/set-array@1.2.1": {
      "integrity": "sha512-R8gLRTZeyp03ymzP/6Lil/28tGeGEzhx1q2k703KGWRAI1VdvPIXdG70VJc2pAMw3NA6JKL5hhFu1sJX0Mnn/A=="
    },
    "@jridgewell/sourcemap-codec@1.5.0": {
      "integrity": "sha512-gv3ZRaISU3fjPAgNsriBRqGWQL6quFx04YMPW/zD8XMLsU32mhCCbfbO6KZFLjvYpCZ8zyDEgqsgf+PwPaM7GQ=="
    },
    "@jridgewell/trace-mapping@0.3.25": {
      "integrity": "sha512-vNk6aEwybGtawWmy/PzwnGDOjCkLWSD2wqvjGGAgOAwCGWySYXfYoxt00IJkTF+8Lb57DwOb3Aa0o9CApepiYQ==",
      "dependencies": [
        "@jridgewell/resolve-uri",
        "@jridgewell/sourcemap-codec"
      ]
    },
    "@polka/url@1.0.0-next.28": {
      "integrity": "sha512-8LduaNlMZGwdZ6qWrKlfa+2M4gahzFkprZiAt2TF8uS0qQgBizKXpXURqvTJ4WtmupWxaLqjRb2UCTe72mu+Aw=="
    },
    "@rollup/plugin-commonjs@28.0.2_rollup@4.29.1_picomatch@4.0.2": {
      "integrity": "sha512-BEFI2EDqzl+vA1rl97IDRZ61AIwGH093d9nz8+dThxJNH8oSoB7MjWvPCX3dkaK1/RCJ/1v/R1XB15FuSs0fQw==",
      "dependencies": [
        "@rollup/pluginutils",
        "commondir",
        "estree-walker@2.0.2",
        "fdir@6.4.2_picomatch@4.0.2",
        "is-reference@1.2.1",
        "magic-string@0.30.17",
        "picomatch",
        "rollup@4.29.1"
      ]
    },
    "@rollup/plugin-json@6.1.0_rollup@4.29.1": {
      "integrity": "sha512-EGI2te5ENk1coGeADSIwZ7G2Q8CJS2sF120T7jLw4xFw9n7wIOXHo+kIYRAoVpJAN+kmqZSoO3Fp4JtoNF4ReA==",
      "dependencies": [
        "@rollup/pluginutils",
        "rollup@4.29.1"
      ]
    },
    "@rollup/plugin-node-resolve@16.0.0_rollup@4.29.1": {
      "integrity": "sha512-0FPvAeVUT/zdWoO0jnb/V5BlBsUSNfkIOtFHzMO4H9MOklrmQFY6FduVHKucNb/aTFxvnGhj4MNj/T1oNdDfNg==",
      "dependencies": [
        "@rollup/pluginutils",
        "@types/resolve",
        "deepmerge",
        "is-module",
        "resolve",
        "rollup@4.29.1"
      ]
    },
    "@rollup/pluginutils@5.1.4_rollup@4.29.1": {
      "integrity": "sha512-USm05zrsFxYLPdWWq+K3STlWiT/3ELn3RcV5hJMghpeAIhxfsUIg6mt12CBJBInWMV4VneoV7SfGv8xIwo2qNQ==",
      "dependencies": [
        "@types/estree",
        "estree-walker@2.0.2",
        "picomatch",
        "rollup@4.29.1"
      ]
    },
    "@rollup/rollup-android-arm-eabi@4.29.1": {
      "integrity": "sha512-ssKhA8RNltTZLpG6/QNkCSge+7mBQGUqJRisZ2MDQcEGaK93QESEgWK2iOpIDZ7k9zPVkG5AS3ksvD5ZWxmItw=="
    },
    "@rollup/rollup-android-arm64@4.29.1": {
      "integrity": "sha512-CaRfrV0cd+NIIcVVN/jx+hVLN+VRqnuzLRmfmlzpOzB87ajixsN/+9L5xNmkaUUvEbI5BmIKS+XTwXsHEb65Ew=="
    },
    "@rollup/rollup-darwin-arm64@4.29.1": {
      "integrity": "sha512-2ORr7T31Y0Mnk6qNuwtyNmy14MunTAMx06VAPI6/Ju52W10zk1i7i5U3vlDRWjhOI5quBcrvhkCHyF76bI7kEw=="
    },
    "@rollup/rollup-darwin-x64@4.29.1": {
      "integrity": "sha512-j/Ej1oanzPjmN0tirRd5K2/nncAhS9W6ICzgxV+9Y5ZsP0hiGhHJXZ2JQ53iSSjj8m6cRY6oB1GMzNn2EUt6Ng=="
    },
    "@rollup/rollup-freebsd-arm64@4.29.1": {
      "integrity": "sha512-91C//G6Dm/cv724tpt7nTyP+JdN12iqeXGFM1SqnljCmi5yTXriH7B1r8AD9dAZByHpKAumqP1Qy2vVNIdLZqw=="
    },
    "@rollup/rollup-freebsd-x64@4.29.1": {
      "integrity": "sha512-hEioiEQ9Dec2nIRoeHUP6hr1PSkXzQaCUyqBDQ9I9ik4gCXQZjJMIVzoNLBRGet+hIUb3CISMh9KXuCcWVW/8w=="
    },
    "@rollup/rollup-linux-arm-gnueabihf@4.29.1": {
      "integrity": "sha512-Py5vFd5HWYN9zxBv3WMrLAXY3yYJ6Q/aVERoeUFwiDGiMOWsMs7FokXihSOaT/PMWUty/Pj60XDQndK3eAfE6A=="
    },
    "@rollup/rollup-linux-arm-musleabihf@4.29.1": {
      "integrity": "sha512-RiWpGgbayf7LUcuSNIbahr0ys2YnEERD4gYdISA06wa0i8RALrnzflh9Wxii7zQJEB2/Eh74dX4y/sHKLWp5uQ=="
    },
    "@rollup/rollup-linux-arm64-gnu@4.29.1": {
      "integrity": "sha512-Z80O+taYxTQITWMjm/YqNoe9d10OX6kDh8X5/rFCMuPqsKsSyDilvfg+vd3iXIqtfmp+cnfL1UrYirkaF8SBZA=="
    },
    "@rollup/rollup-linux-arm64-musl@4.29.1": {
      "integrity": "sha512-fOHRtF9gahwJk3QVp01a/GqS4hBEZCV1oKglVVq13kcK3NeVlS4BwIFzOHDbmKzt3i0OuHG4zfRP0YoG5OF/rA=="
    },
    "@rollup/rollup-linux-loongarch64-gnu@4.29.1": {
      "integrity": "sha512-5a7q3tnlbcg0OodyxcAdrrCxFi0DgXJSoOuidFUzHZ2GixZXQs6Tc3CHmlvqKAmOs5eRde+JJxeIf9DonkmYkw=="
    },
    "@rollup/rollup-linux-powerpc64le-gnu@4.29.1": {
      "integrity": "sha512-9b4Mg5Yfz6mRnlSPIdROcfw1BU22FQxmfjlp/CShWwO3LilKQuMISMTtAu/bxmmrE6A902W2cZJuzx8+gJ8e9w=="
    },
    "@rollup/rollup-linux-riscv64-gnu@4.29.1": {
      "integrity": "sha512-G5pn0NChlbRM8OJWpJFMX4/i8OEU538uiSv0P6roZcbpe/WfhEO+AT8SHVKfp8qhDQzaz7Q+1/ixMy7hBRidnQ=="
    },
    "@rollup/rollup-linux-s390x-gnu@4.29.1": {
      "integrity": "sha512-WM9lIkNdkhVwiArmLxFXpWndFGuOka4oJOZh8EP3Vb8q5lzdSCBuhjavJsw68Q9AKDGeOOIHYzYm4ZFvmWez5g=="
    },
    "@rollup/rollup-linux-x64-gnu@4.29.1": {
      "integrity": "sha512-87xYCwb0cPGZFoGiErT1eDcssByaLX4fc0z2nRM6eMtV9njAfEE6OW3UniAoDhX4Iq5xQVpE6qO9aJbCFumKYQ=="
    },
    "@rollup/rollup-linux-x64-musl@4.29.1": {
      "integrity": "sha512-xufkSNppNOdVRCEC4WKvlR1FBDyqCSCpQeMMgv9ZyXqqtKBfkw1yfGMTUTs9Qsl6WQbJnsGboWCp7pJGkeMhKA=="
    },
    "@rollup/rollup-win32-arm64-msvc@4.29.1": {
      "integrity": "sha512-F2OiJ42m77lSkizZQLuC+jiZ2cgueWQL5YC9tjo3AgaEw+KJmVxHGSyQfDUoYR9cci0lAywv2Clmckzulcq6ig=="
    },
    "@rollup/rollup-win32-ia32-msvc@4.29.1": {
      "integrity": "sha512-rYRe5S0FcjlOBZQHgbTKNrqxCBUmgDJem/VQTCcTnA2KCabYSWQDrytOzX7avb79cAAweNmMUb/Zw18RNd4mng=="
    },
    "@rollup/rollup-win32-x64-msvc@4.29.1": {
      "integrity": "sha512-+10CMg9vt1MoHj6x1pxyjPSMjHTIlqs8/tBztXvPAx24SKs9jwVnKqHJumlH/IzhaPUaj3T6T6wfZr8okdXaIg=="
    },
    "@svelte-put/qr@2.1.0_svelte@5.9.0__acorn@8.14.0": {
      "integrity": "sha512-7HzQjoNZI9k6J4R6tnMi0ZGtRQKIFmZqzeo2GtkKZkumtPYByuqjGcB/ApFkxfg+J5mARKezWzKiq9EDJ6htRg==",
      "dependencies": [
        "headless-qr",
        "svelte@5.9.0_acorn@8.14.0"
      ]
    },
    "@sveltejs/adapter-node@5.2.11_@sveltejs+kit@2.15.1__@sveltejs+vite-plugin-svelte@5.0.3___svelte@5.9.0____acorn@8.14.0___vite@6.0.7____@types+node@22.5.4___@types+node@22.5.4__svelte@5.9.0___acorn@8.14.0__vite@6.0.7___@types+node@22.5.4__@types+node@22.5.4_rollup@4.29.1_@sveltejs+vite-plugin-svelte@5.0.3__svelte@5.9.0___acorn@8.14.0__vite@6.0.7___@types+node@22.5.4__@types+node@22.5.4_svelte@5.9.0__acorn@8.14.0_vite@6.0.7__@types+node@22.5.4_@types+node@22.5.4": {
      "integrity": "sha512-lR7/dfUaKFf3aI408KRDy/BVDYoqUws7zNOJz2Hl4JoshlTnMgdha3brXBRFXB+cWtYvJjjPhvmq3xqpbioi4w==",
      "dependencies": [
        "@rollup/plugin-commonjs",
        "@rollup/plugin-json",
        "@rollup/plugin-node-resolve",
        "@sveltejs/kit@2.15.1_@sveltejs+vite-plugin-svelte@5.0.3__svelte@5.9.0___acorn@8.14.0__vite@6.0.7___@types+node@22.5.4__@types+node@22.5.4_svelte@5.9.0__acorn@8.14.0_vite@6.0.7__@types+node@22.5.4_@types+node@22.5.4",
        "rollup@4.29.1"
      ]
    },
    "@sveltejs/kit@1.30.4_svelte@5.9.0__acorn@8.14.0_vite@4.5.5__@types+node@22.5.4_@types+node@22.5.4": {
      "integrity": "sha512-JSQIQT6XvdchCRQEm7BABxPC56WP5RYVONAi+09S8tmzeP43fBsRlr95bFmsTQM2RHBldfgQk+jgdnsKI75daA==",
      "dependencies": [
        "@sveltejs/vite-plugin-svelte@2.5.3_svelte@5.9.0__acorn@8.14.0_vite@4.5.5__@types+node@22.5.4_@types+node@22.5.4",
        "@types/cookie@0.5.4",
        "cookie@0.5.0",
        "devalue@4.3.3",
        "esm-env",
        "kleur",
        "magic-string@0.30.14",
        "mrmime@1.0.1",
        "sade",
        "set-cookie-parser",
        "sirv@2.0.4",
        "svelte@5.9.0_acorn@8.14.0",
        "tiny-glob",
        "undici",
        "vite@4.5.5_@types+node@22.5.4"
      ]
    },
    "@sveltejs/kit@2.15.1_@sveltejs+vite-plugin-svelte@5.0.3__svelte@5.9.0___acorn@8.14.0__vite@6.0.7___@types+node@22.5.4__@types+node@22.5.4_svelte@5.9.0__acorn@8.14.0_vite@6.0.7__@types+node@22.5.4_@types+node@22.5.4": {
      "integrity": "sha512-8t7D3hQHbUDMiaQ2RVnjJJ/+Ur4Fn/tkeySJCsHtX346Q9cp3LAnav8xXdfuqYNJwpUGX0x3BqF1uvbmXQw93A==",
      "dependencies": [
        "@sveltejs/vite-plugin-svelte@5.0.3_svelte@5.9.0__acorn@8.14.0_vite@6.0.7__@types+node@22.5.4_@types+node@22.5.4",
        "@types/cookie@0.6.0",
        "cookie@0.6.0",
        "devalue@5.1.1",
        "esm-env",
        "import-meta-resolve",
        "kleur",
        "magic-string@0.30.14",
        "mrmime@2.0.0",
        "sade",
        "set-cookie-parser",
        "sirv@3.0.0",
        "svelte@5.9.0_acorn@8.14.0",
        "tiny-glob",
        "vite@6.0.7_@types+node@22.5.4"
      ]
    },
    "@sveltejs/vite-plugin-svelte-inspector@1.0.4_@sveltejs+vite-plugin-svelte@2.5.3__svelte@5.9.0___acorn@8.14.0__vite@4.5.5___@types+node@22.5.4__@types+node@22.5.4_svelte@4.2.19_vite@4.5.5__@types+node@22.5.4_@types+node@22.5.4": {
      "integrity": "sha512-zjiuZ3yydBtwpF3bj0kQNV0YXe+iKE545QGZVTaylW3eAzFr+pJ/cwK8lZEaRp4JtaJXhD5DyWAV4AxLh6DgaQ==",
      "dependencies": [
        "@sveltejs/vite-plugin-svelte@2.5.3_svelte@5.9.0__acorn@8.14.0_vite@4.5.5__@types+node@22.5.4_@types+node@22.5.4_svelte@4.2.19",
        "debug",
        "svelte@4.2.19",
        "vite@4.5.5_@types+node@22.5.4"
      ]
    },
    "@sveltejs/vite-plugin-svelte-inspector@4.0.1_@sveltejs+vite-plugin-svelte@5.0.3__svelte@5.9.0___acorn@8.14.0__vite@6.0.7___@types+node@22.5.4__@types+node@22.5.4_svelte@5.9.0__acorn@8.14.0_vite@6.0.7__@types+node@22.5.4_@types+node@22.5.4": {
      "integrity": "sha512-J/Nmb2Q2y7mck2hyCX4ckVHcR5tu2J+MtBEQqpDrrgELZ2uvraQcK/ioCV61AqkdXFgriksOKIceDcQmqnGhVw==",
      "dependencies": [
        "@sveltejs/vite-plugin-svelte@5.0.3_svelte@5.9.0__acorn@8.14.0_vite@6.0.7__@types+node@22.5.4_@types+node@22.5.4",
        "debug",
        "svelte@5.9.0_acorn@8.14.0",
        "vite@6.0.7_@types+node@22.5.4"
      ]
    },
    "@sveltejs/vite-plugin-svelte@2.5.3_svelte@5.9.0__acorn@8.14.0_vite@4.5.5__@types+node@22.5.4_@types+node@22.5.4": {
      "integrity": "sha512-erhNtXxE5/6xGZz/M9eXsmI7Pxa6MS7jyTy06zN3Ck++ldrppOnOlJwHHTsMC7DHDQdgUp4NAc4cDNQ9eGdB/w==",
      "dependencies": [
        "@sveltejs/vite-plugin-svelte-inspector@1.0.4_@sveltejs+vite-plugin-svelte@2.5.3__svelte@5.9.0___acorn@8.14.0__vite@4.5.5___@types+node@22.5.4__@types+node@22.5.4_svelte@4.2.19_vite@4.5.5__@types+node@22.5.4_@types+node@22.5.4",
        "debug",
        "deepmerge",
        "kleur",
        "magic-string@0.30.14",
        "svelte@5.9.0_acorn@8.14.0",
        "svelte-hmr",
        "vite@4.5.5_@types+node@22.5.4",
        "vitefu@0.2.5_vite@4.5.5__@types+node@22.5.4_@types+node@22.5.4"
      ]
    },
    "@sveltejs/vite-plugin-svelte@2.5.3_svelte@5.9.0__acorn@8.14.0_vite@4.5.5__@types+node@22.5.4_@types+node@22.5.4_svelte@4.2.19": {
      "integrity": "sha512-erhNtXxE5/6xGZz/M9eXsmI7Pxa6MS7jyTy06zN3Ck++ldrppOnOlJwHHTsMC7DHDQdgUp4NAc4cDNQ9eGdB/w==",
      "dependencies": [
        "@sveltejs/vite-plugin-svelte-inspector@1.0.4_@sveltejs+vite-plugin-svelte@2.5.3__svelte@5.9.0___acorn@8.14.0__vite@4.5.5___@types+node@22.5.4__@types+node@22.5.4_svelte@4.2.19_vite@4.5.5__@types+node@22.5.4_@types+node@22.5.4",
        "debug",
        "deepmerge",
        "kleur",
        "magic-string@0.30.14",
        "svelte@5.9.0_acorn@8.14.0",
        "svelte-hmr",
        "vite@4.5.5_@types+node@22.5.4",
        "vitefu@0.2.5_vite@4.5.5__@types+node@22.5.4_@types+node@22.5.4"
      ]
    },
    "@sveltejs/vite-plugin-svelte@5.0.3_svelte@5.9.0__acorn@8.14.0_vite@6.0.7__@types+node@22.5.4_@types+node@22.5.4": {
      "integrity": "sha512-MCFS6CrQDu1yGwspm4qtli0e63vaPCehf6V7pIMP15AsWgMKrqDGCPFF/0kn4SP0ii4aySu4Pa62+fIRGFMjgw==",
      "dependencies": [
        "@sveltejs/vite-plugin-svelte-inspector@4.0.1_@sveltejs+vite-plugin-svelte@5.0.3__svelte@5.9.0___acorn@8.14.0__vite@6.0.7___@types+node@22.5.4__@types+node@22.5.4_svelte@5.9.0__acorn@8.14.0_vite@6.0.7__@types+node@22.5.4_@types+node@22.5.4",
        "debug",
        "deepmerge",
        "kleur",
        "magic-string@0.30.17",
        "svelte@5.9.0_acorn@8.14.0",
        "vite@6.0.7_@types+node@22.5.4",
        "vitefu@1.0.5_vite@6.0.7__@types+node@22.5.4_@types+node@22.5.4"
      ]
    },
    "@types/cookie@0.5.4": {
      "integrity": "sha512-7z/eR6O859gyWIAjuvBWFzNURmf2oPBmJlfVWkwehU5nzIyjwBsTh7WMmEEV4JFnHuQ3ex4oyTvfKzcyJVDBNA=="
    },
    "@types/cookie@0.6.0": {
      "integrity": "sha512-4Kh9a6B2bQciAhf7FSuMRRkUWecJgJu9nPnx3yzpsfXX/c50REIqpHY4C82bXP90qrLtXtkDxTZosYO3UpOwlA=="
    },
    "@types/deno@2.0.0": {
      "integrity": "sha512-O9/jRVlq93kqfkl4sYR5N7+Pz4ukzXVIbMnE/VgvpauNHsvjQ9iBVnJ3X0gAvMa2khcoFD8DSO7mQVCuiuDMPg=="
    },
    "@types/estree@1.0.6": {
      "integrity": "sha512-AYnb1nQyY49te+VRAVgmzfcgjYS91mY5P0TKUDCLEM+gNnA+3T6rWITXRLYCpahpqSQbN5cE+gHpnPyXjHWxcw=="
    },
    "@types/node@22.5.4": {
      "integrity": "sha512-FDuKUJQm/ju9fT/SeX/6+gBzoPzlVCzfzmGkwKvRHQVxi4BntVbyIwf6a4Xn62mrvndLiml6z/UBXIdEVjQLXg==",
      "dependencies": [
        "undici-types"
      ]
    },
    "@types/resolve@1.20.2": {
      "integrity": "sha512-60BCwRFOZCQhDncwQdxxeOEEkbc5dIMccYLwbxsS4TUNeVECQ/pBJ0j09mrHOl/JJvpRPGwO9SvE4nR2Nb/a4Q=="
    },
    "acorn-typescript@1.4.13_acorn@8.14.0": {
      "integrity": "sha512-xsc9Xv0xlVfwp2o7sQ+GCQ1PgbkdcpWdTzrwXxO3xDMTAywVS3oXVOcOHuRjAPkS4P9b+yc/qNF15460v+jp4Q==",
      "dependencies": [
        "acorn"
      ]
    },
    "acorn@8.14.0": {
      "integrity": "sha512-cl669nCJTZBsL97OF4kUQm5g5hC2uihk0NxY3WENAC0TYdILVkAyHymAntgxGkl7K+t0cXIrH5siy5S4XkFycA=="
    },
    "aria-query@5.3.2": {
      "integrity": "sha512-COROpnaoap1E2F000S62r6A60uHZnmlvomhfyT2DlTcrY1OrBKn2UhH7qn5wTC9zMvD0AY7csdPSNwKP+7WiQw=="
    },
    "axobject-query@4.1.0": {
      "integrity": "sha512-qIj0G9wZbMGNLjLmg1PT6v2mE9AH2zlnADJD/2tC6E00hgmhUOfEB6greHPAfLRSufHqROIUTkw6E+M3lH0PTQ=="
    },
    "chokidar@4.0.3": {
      "integrity": "sha512-Qgzu8kfBvo+cA4962jnP1KkS6Dop5NS6g7R5LFYJr4b8Ub94PPQXUksCw9PvXoeXPRRddRNC5C1JQUR2SMGtnA==",
      "dependencies": [
        "readdirp"
      ]
    },
    "code-red@1.0.4": {
      "integrity": "sha512-7qJWqItLA8/VPVlKJlFXU+NBlo/qyfs39aJcuMT/2ere32ZqvF5OSxgdM5xOfJJ7O429gg2HM47y8v9P+9wrNw==",
      "dependencies": [
        "@jridgewell/sourcemap-codec",
        "@types/estree",
        "acorn",
        "estree-walker@3.0.3",
        "periscopic"
      ]
    },
    "commondir@1.0.1": {
      "integrity": "sha512-W9pAhw0ja1Edb5GVdIF1mjZw/ASI0AlShXM83UUGe2DVr5TdAPEA1OA8m/g8zWp9x6On7gqufY+FatDbC3MDQg=="
    },
    "cookie@0.5.0": {
      "integrity": "sha512-YZ3GUyn/o8gfKJlnlX7g7xq4gyO6OSuhGPKaaGssGB2qgDUS0gPgtTvoyZLTt9Ab6dC4hfc9dV5arkvc/OCmrw=="
    },
    "cookie@0.6.0": {
      "integrity": "sha512-U71cyTamuh1CRNCfpGY6to28lxvNwPG4Guz/EVjgf3Jmzv0vlDp1atT9eS5dDjMYHucpHbWns6Lwf3BKz6svdw=="
    },
    "css-tree@2.3.1": {
      "integrity": "sha512-6Fv1DV/TYw//QF5IzQdqsNDjx/wc8TrMBZsqjL9eW01tWb7R7k/mq+/VXfJCl7SoD5emsJop9cOByJZfs8hYIw==",
      "dependencies": [
        "mdn-data",
        "source-map-js"
      ]
    },
    "debug@4.4.0": {
      "integrity": "sha512-6WTZ/IxCY/T6BALoZHaE4ctp9xm+Z5kY/pzYaCHRFeyVhojxlrm+46y68HA6hr0TcwEssoxNiDEUJQjfPZ/RYA==",
      "dependencies": [
        "ms"
      ]
    },
    "deepmerge@4.3.1": {
      "integrity": "sha512-3sUqbMEc77XqpdNO7FRyRog+eW3ph+GYCbj+rK+uYyRMuwsVy0rMiVtPn+QJlKFvWP/1PYpapqYn0Me2knFn+A=="
    },
    "devalue@4.3.3": {
      "integrity": "sha512-UH8EL6H2ifcY8TbD2QsxwCC/pr5xSwPvv85LrLXVihmHVC3T3YqTCIwnR5ak0yO1KYqlxrPVOA/JVZJYPy2ATg=="
    },
    "devalue@5.1.1": {
      "integrity": "sha512-maua5KUiapvEwiEAe+XnlZ3Rh0GD+qI1J/nb9vrJc3muPXvcF/8gXYTWF76+5DAqHyDUtOIImEuo0YKE9mshVw=="
    },
    "esbuild@0.18.20": {
      "integrity": "sha512-ceqxoedUrcayh7Y7ZX6NdbbDzGROiyVBgC4PriJThBKSVPWnnFHZAkfI1lJT8QFkOwH4qOS2SJkS4wvpGl8BpA==",
      "dependencies": [
        "@esbuild/android-arm@0.18.20",
        "@esbuild/android-arm64@0.18.20",
        "@esbuild/android-x64@0.18.20",
        "@esbuild/darwin-arm64@0.18.20",
        "@esbuild/darwin-x64@0.18.20",
        "@esbuild/freebsd-arm64@0.18.20",
        "@esbuild/freebsd-x64@0.18.20",
        "@esbuild/linux-arm@0.18.20",
        "@esbuild/linux-arm64@0.18.20",
        "@esbuild/linux-ia32@0.18.20",
        "@esbuild/linux-loong64@0.18.20",
        "@esbuild/linux-mips64el@0.18.20",
        "@esbuild/linux-ppc64@0.18.20",
        "@esbuild/linux-riscv64@0.18.20",
        "@esbuild/linux-s390x@0.18.20",
        "@esbuild/linux-x64@0.18.20",
        "@esbuild/netbsd-x64@0.18.20",
        "@esbuild/openbsd-x64@0.18.20",
        "@esbuild/sunos-x64@0.18.20",
        "@esbuild/win32-arm64@0.18.20",
        "@esbuild/win32-ia32@0.18.20",
        "@esbuild/win32-x64@0.18.20"
      ]
    },
    "esbuild@0.24.2": {
      "integrity": "sha512-+9egpBW8I3CD5XPe0n6BfT5fxLzxrlDzqydF3aviG+9ni1lDC/OvMHcxqEFV0+LANZG5R1bFMWfUrjVsdwxJvA==",
      "dependencies": [
        "@esbuild/aix-ppc64",
        "@esbuild/android-arm@0.24.2",
        "@esbuild/android-arm64@0.24.2",
        "@esbuild/android-x64@0.24.2",
        "@esbuild/darwin-arm64@0.24.2",
        "@esbuild/darwin-x64@0.24.2",
        "@esbuild/freebsd-arm64@0.24.2",
        "@esbuild/freebsd-x64@0.24.2",
        "@esbuild/linux-arm@0.24.2",
        "@esbuild/linux-arm64@0.24.2",
        "@esbuild/linux-ia32@0.24.2",
        "@esbuild/linux-loong64@0.24.2",
        "@esbuild/linux-mips64el@0.24.2",
        "@esbuild/linux-ppc64@0.24.2",
        "@esbuild/linux-riscv64@0.24.2",
        "@esbuild/linux-s390x@0.24.2",
        "@esbuild/linux-x64@0.24.2",
        "@esbuild/netbsd-arm64",
        "@esbuild/netbsd-x64@0.24.2",
        "@esbuild/openbsd-arm64",
        "@esbuild/openbsd-x64@0.24.2",
        "@esbuild/sunos-x64@0.24.2",
        "@esbuild/win32-arm64@0.24.2",
        "@esbuild/win32-ia32@0.24.2",
        "@esbuild/win32-x64@0.24.2"
      ]
    },
    "esm-env@1.2.1": {
      "integrity": "sha512-U9JedYYjCnadUlXk7e1Kr+aENQhtUaoaV9+gZm1T8LC/YBAPJx3NSPIAurFOC0U5vrdSevnUJS2/wUVxGwPhng=="
    },
    "esrap@1.2.3": {
      "integrity": "sha512-ZlQmCCK+n7SGoqo7DnfKaP1sJZa49P01/dXzmjCASSo04p72w8EksT2NMK8CEX8DhKsfJXANioIw8VyHNsBfvQ==",
      "dependencies": [
        "@jridgewell/sourcemap-codec",
        "@types/estree"
      ]
    },
    "estree-walker@2.0.2": {
      "integrity": "sha512-Rfkk/Mp/DL7JVje3u18FxFujQlTNR2q6QfMSMB7AvCBx91NGj/ba3kCfza0f6dVDbw7YlRf/nDrn7pQrCCyQ/w=="
    },
    "estree-walker@3.0.3": {
      "integrity": "sha512-7RUKfXgSMMkzt6ZuXmqapOurLGPPfgj6l9uRZ7lRGolvk0y2yocc35LdcxKC5PQZdn2DMqioAQ2NoWcrTKmm6g==",
      "dependencies": [
        "@types/estree"
      ]
    },
    "fdir@6.4.2": {
      "integrity": "sha512-KnhMXsKSPZlAhp7+IjUkRZKPb4fUyccpDrdFXbi4QL1qkmFh9kVY09Yox+n4MaOb3lHZ1Tv829C3oaaXoMYPDQ=="
    },
    "fdir@6.4.2_picomatch@4.0.2": {
      "integrity": "sha512-KnhMXsKSPZlAhp7+IjUkRZKPb4fUyccpDrdFXbi4QL1qkmFh9kVY09Yox+n4MaOb3lHZ1Tv829C3oaaXoMYPDQ==",
      "dependencies": [
        "picomatch"
      ]
    },
    "fsevents@2.3.3": {
      "integrity": "sha512-5xoDfX+fL7faATnagmWPpbFtwh/R77WmMMqqHGS65C3vvB0YHrgF+B1YmZ3441tMj5n63k0212XNoJwzlhffQw=="
    },
    "function-bind@1.1.2": {
      "integrity": "sha512-7XHNxH7qX9xG5mIwxkhumTox/MIRNcOgDrxWsMt2pAr23WHp6MrRlN7FBSFpCpr+oVO0F744iUgR82nJMfG2SA=="
    },
    "globalyzer@0.1.0": {
      "integrity": "sha512-40oNTM9UfG6aBmuKxk/giHn5nQ8RVz/SS4Ir6zgzOv9/qC3kKZ9v4etGTcJbEl/NyVQH7FGU7d+X1egr57Md2Q=="
    },
    "globrex@0.1.2": {
      "integrity": "sha512-uHJgbwAMwNFf5mLst7IWLNg14x1CkeqglJb/K3doi4dw6q2IvAAmM/Y81kevy83wP+Sst+nutFTYOGg3d1lsxg=="
    },
    "hasown@2.0.2": {
      "integrity": "sha512-0hJU9SCPvmMzIBdZFqNPXWa6dqh7WdH0cII9y+CyS8rG3nL48Bclra9HmKhVVUHyPWNH5Y7xDwAB7bfgSjkUMQ==",
      "dependencies": [
        "function-bind"
      ]
    },
    "headless-qr@1.0.3": {
      "integrity": "sha512-HHVwf1i++Ho2vFstHxAdfP0OjB7Di44nGXbh3VXciuzwkuFb1oeFDCrfOLjFgHip/Kbc/wq2GOaSTiKQ81K/Yg=="
    },
    "import-meta-resolve@4.1.0": {
      "integrity": "sha512-I6fiaX09Xivtk+THaMfAwnA3MVA5Big1WHF1Dfx9hFuvNIWpXnorlkzhcQf6ehrqQiiZECRt1poOAkPmer3ruw=="
    },
    "is-core-module@2.16.1": {
      "integrity": "sha512-UfoeMA6fIJ8wTYFEUjelnaGI67v6+N7qXJEvQuIGa99l4xsCruSYOVSQ0uPANn4dAzm8lkYPaKLrrijLq7x23w==",
      "dependencies": [
        "hasown"
      ]
    },
    "is-module@1.0.0": {
      "integrity": "sha512-51ypPSPCoTEIN9dy5Oy+h4pShgJmPCygKfyRCISBI+JoWT/2oJvK8QPxmwv7b/p239jXrm9M1mlQbyKJ5A152g=="
    },
    "is-reference@1.2.1": {
      "integrity": "sha512-U82MsXXiFIrjCK4otLT+o2NA2Cd2g5MLoOVXUZjIOhLurrRxpEXzI8O0KZHr3IjLvlAH1kTPYSuqer5T9ZVBKQ==",
      "dependencies": [
        "@types/estree"
      ]
    },
    "is-reference@3.0.3": {
      "integrity": "sha512-ixkJoqQvAP88E6wLydLGGqCJsrFUnqoH6HnaczB8XmDH1oaWU+xxdptvikTgaEhtZ53Ky6YXiBuUI2WXLMCwjw==",
      "dependencies": [
        "@types/estree"
      ]
    },
    "kleur@4.1.5": {
      "integrity": "sha512-o+NO+8WrRiQEE4/7nwRJhN1HWpVmJm511pBHUxPLtp0BUISzlBplORYSmTclCnJvQq2tKu/sgl3xVpkc7ZWuQQ=="
    },
    "locate-character@3.0.0": {
      "integrity": "sha512-SW13ws7BjaeJ6p7Q6CO2nchbYEc3X3J6WrmTTDto7yMPqVSZTUyY5Tjbid+Ab8gLnATtygYtiDIJGQRRn2ZOiA=="
    },
    "magic-string@0.30.14": {
      "integrity": "sha512-5c99P1WKTed11ZC0HMJOj6CDIue6F8ySu+bJL+85q1zBEIY8IklrJ1eiKC2NDRh3Ct3FcvmJPyQHb9erXMTJNw==",
      "dependencies": [
        "@jridgewell/sourcemap-codec"
      ]
    },
    "magic-string@0.30.17": {
      "integrity": "sha512-sNPKHvyjVf7gyjwS4xGTaW/mCnF8wnjtifKBEhxfZ7E/S8tQ0rssrwGNn6q8JH/ohItJfSQp9mBtQYuTlH5QnA==",
      "dependencies": [
        "@jridgewell/sourcemap-codec"
      ]
    },
    "mdn-data@2.0.30": {
      "integrity": "sha512-GaqWWShW4kv/G9IEucWScBx9G1/vsFZZJUO+tD26M8J8z3Kw5RDQjaoZe03YAClgeS/SWPOcb4nkFBTEi5DUEA=="
    },
    "mri@1.2.0": {
      "integrity": "sha512-tzzskb3bG8LvYGFF/mDTpq3jpI6Q9wc3LEmBaghu+DdCssd1FakN7Bc0hVNmEyGq1bq3RgfkCb3cmQLpNPOroA=="
    },
    "mrmime@1.0.1": {
      "integrity": "sha512-hzzEagAgDyoU1Q6yg5uI+AorQgdvMCur3FcKf7NhMKWsaYg+RnbTyHRa/9IlLF9rf455MOCtcqqrQQ83pPP7Uw=="
    },
    "mrmime@2.0.0": {
      "integrity": "sha512-eu38+hdgojoyq63s+yTpN4XMBdt5l8HhMhc4VKLO9KM5caLIBvUm4thi7fFaxyTmCKeNnXZ5pAlBwCUnhA09uw=="
    },
    "ms@2.1.3": {
      "integrity": "sha512-6FlzubTLZG3J2a/NVCAleEhjzq5oxgHyaCU9yYXvcLsvoVaHJq/s5xXI6/XXP6tz7R9xAOtHnSO/tXtF3WRTlA=="
    },
    "nanoid@3.3.8": {
      "integrity": "sha512-WNLf5Sd8oZxOm+TzppcYk8gVOgP+l58xNy58D0nbUnOxOWRWvlcCV4kUF7ltmI6PsrLl/BgKEyS4mqsGChFN0w=="
    },
    "path-parse@1.0.7": {
      "integrity": "sha512-LDJzPVEEEPR+y48z93A0Ed0yXb8pAByGWo/k5YYdYgpY2/2EsOsksJrq7lOHxryrVOn1ejG6oAp8ahvOIQD8sw=="
    },
    "path-to-regexp@6.2.1": {
      "integrity": "sha512-JLyh7xT1kizaEvcaXOQwOc2/Yhw6KZOvPf1S8401UyLk86CU79LN3vl7ztXGm/pZ+YjoyAJ4rxmHwbkBXJX+yw=="
    },
    "periscopic@3.1.0": {
      "integrity": "sha512-vKiQ8RRtkl9P+r/+oefh25C3fhybptkHKCZSPlcXiJux2tJF55GnEj3BVn4A5gKfq9NWWXXrxkHBwVPUfH0opw==",
      "dependencies": [
        "@types/estree",
        "estree-walker@3.0.3",
        "is-reference@3.0.3"
      ]
    },
    "picocolors@1.1.1": {
      "integrity": "sha512-xceH2snhtb5M9liqDsmEw56le376mTZkEX/jEb/RxNFyegNul7eNslCXP9FDj/Lcu0X8KEyMceP2ntpaHrDEVA=="
    },
    "picomatch@4.0.2": {
      "integrity": "sha512-M7BAV6Rlcy5u+m6oPhAPFgJTzAioX/6B0DxyvDlo9l8+T3nLKbrczg2WLUyzd45L8RqfUMyGPzekbMvX2Ldkwg=="
    },
    "postcss@8.4.49": {
      "integrity": "sha512-OCVPnIObs4N29kxTjzLfUryOkvZEq+pf8jTF0lg8E7uETuWHA+v7j3c/xJmiqpX450191LlmZfUKkXxkTry7nA==",
      "dependencies": [
        "nanoid",
        "picocolors",
        "source-map-js"
      ]
    },
    "readdirp@4.0.2": {
      "integrity": "sha512-yDMz9g+VaZkqBYS/ozoBJwaBhTbZo3UNYQHNRw1D3UFQB8oHB4uS/tAODO+ZLjGWmUbKnIlOWO+aaIiAxrUWHA=="
    },
    "resolve@1.22.10": {
      "integrity": "sha512-NPRy+/ncIMeDlTAsuqwKIiferiawhefFJtkNSW0qZJEqMEb+qBt/77B/jGeeek+F0uOeN05CDa6HXbbIgtVX4w==",
      "dependencies": [
        "is-core-module",
        "path-parse",
        "supports-preserve-symlinks-flag"
      ]
    },
    "rollup@3.29.5": {
      "integrity": "sha512-GVsDdsbJzzy4S/v3dqWPJ7EfvZJfCHiDqe80IyrF59LYuP+e6U1LJoUqeuqRbwAWoMNoXivMNeNAOf5E22VA1w==",
      "dependencies": [
        "fsevents"
      ]
    },
    "rollup@4.29.1": {
      "integrity": "sha512-RaJ45M/kmJUzSWDs1Nnd5DdV4eerC98idtUOVr6FfKcgxqvjwHmxc5upLF9qZU9EpsVzzhleFahrT3shLuJzIw==",
      "dependencies": [
        "@rollup/rollup-android-arm-eabi",
        "@rollup/rollup-android-arm64",
        "@rollup/rollup-darwin-arm64",
        "@rollup/rollup-darwin-x64",
        "@rollup/rollup-freebsd-arm64",
        "@rollup/rollup-freebsd-x64",
        "@rollup/rollup-linux-arm-gnueabihf",
        "@rollup/rollup-linux-arm-musleabihf",
        "@rollup/rollup-linux-arm64-gnu",
        "@rollup/rollup-linux-arm64-musl",
        "@rollup/rollup-linux-loongarch64-gnu",
        "@rollup/rollup-linux-powerpc64le-gnu",
        "@rollup/rollup-linux-riscv64-gnu",
        "@rollup/rollup-linux-s390x-gnu",
        "@rollup/rollup-linux-x64-gnu",
        "@rollup/rollup-linux-x64-musl",
        "@rollup/rollup-win32-arm64-msvc",
        "@rollup/rollup-win32-ia32-msvc",
        "@rollup/rollup-win32-x64-msvc",
        "@types/estree",
        "fsevents"
      ]
    },
    "sade@1.8.1": {
      "integrity": "sha512-xal3CZX1Xlo/k4ApwCFrHVACi9fBqJ7V+mwhBsuf/1IOKbBy098Fex+Wa/5QMubw09pSZ/u8EY8PWgevJsXp1A==",
      "dependencies": [
        "mri"
      ]
    },
    "set-cookie-parser@2.7.1": {
      "integrity": "sha512-IOc8uWeOZgnb3ptbCURJWNjWUPcO3ZnTTdzsurqERrP6nPyv+paC55vJM0LpOlT2ne+Ix+9+CRG1MNLlyZ4GjQ=="
    },
    "sirv@2.0.4": {
      "integrity": "sha512-94Bdh3cC2PKrbgSOUqTiGPWVZeSiXfKOVZNJniWoqrWrRkB1CJzBU3NEbiTsPcYy1lDsANA/THzS+9WBiy5nfQ==",
      "dependencies": [
        "@polka/url",
        "mrmime@2.0.0",
        "totalist"
      ]
    },
    "sirv@3.0.0": {
      "integrity": "sha512-BPwJGUeDaDCHihkORDchNyyTvWFhcusy1XMmhEVTQTwGeybFbp8YEmB+njbPnth1FibULBSBVwCQni25XlCUDg==",
      "dependencies": [
        "@polka/url",
        "mrmime@2.0.0",
        "totalist"
      ]
    },
    "source-map-js@1.2.1": {
      "integrity": "sha512-UXWMKhLOwVKb728IUtQPXxfYU+usdybtUrK/8uGE8CQMvrhOpwvzDBwj0QhSL7MQc7vIsISBG8VQ8+IDQxpfQA=="
    },
    "supports-preserve-symlinks-flag@1.0.0": {
      "integrity": "sha512-ot0WnXS9fgdkgIcePe6RHNk1WA8+muPa6cSjeR3V8K27q9BB1rTE3R1p7Hv0z1ZyAc8s6Vvv8DIyWf681MAt0w=="
    },
    "svelte-check@4.1.1_svelte@5.9.0__acorn@8.14.0_typescript@5.7.2": {
      "integrity": "sha512-NfaX+6Qtc8W/CyVGS/F7/XdiSSyXz+WGYA9ZWV3z8tso14V2vzjfXviKaTFEzB7g8TqfgO2FOzP6XT4ApSTUTw==",
      "dependencies": [
        "@jridgewell/trace-mapping",
        "chokidar",
        "fdir@6.4.2_picomatch@4.0.2",
        "picocolors",
        "sade",
        "svelte@5.9.0_acorn@8.14.0",
        "typescript"
      ]
    },
    "svelte-hmr@0.15.3_svelte@4.2.19": {
      "integrity": "sha512-41snaPswvSf8TJUhlkoJBekRrABDXDMdpNpT2tfHIv4JuhgvHqLMhEPGtaQn0BmbNSTkuz2Ed20DF2eHw0SmBQ==",
      "dependencies": [
        "svelte@4.2.19"
      ]
    },
    "svelte@4.2.19": {
      "integrity": "sha512-IY1rnGr6izd10B0A8LqsBfmlT5OILVuZ7XsI0vdGPEvuonFV7NYEUK4dAkm9Zg2q0Um92kYjTpS1CAP3Nh/KWw==",
      "dependencies": [
        "@ampproject/remapping",
        "@jridgewell/sourcemap-codec",
        "@jridgewell/trace-mapping",
        "@types/estree",
        "acorn",
        "aria-query",
        "axobject-query",
        "code-red",
        "css-tree",
        "estree-walker@3.0.3",
        "is-reference@3.0.3",
        "locate-character",
        "magic-string@0.30.14",
        "periscopic"
      ]
    },
    "svelte@5.9.0_acorn@8.14.0": {
      "integrity": "sha512-ZcC3BtjIDa4yfhAyAr94MxDQLD97zbpXmaUldFv2F5AkdZwYgQYB3BZVNRU5zEVaeeHoAns8ADiRMnre3QmpxQ==",
      "dependencies": [
        "@ampproject/remapping",
        "@jridgewell/sourcemap-codec",
        "@types/estree",
        "acorn",
        "acorn-typescript",
        "aria-query",
        "axobject-query",
        "esm-env",
        "esrap",
        "is-reference@3.0.3",
        "locate-character",
        "magic-string@0.30.17",
        "zimmerframe"
      ]
    },
    "tiny-glob@0.2.9": {
      "integrity": "sha512-g/55ssRPUjShh+xkfx9UPDXqhckHEsHr4Vd9zX55oSdGZc/MD0m3sferOkwWtp98bv+kcVfEHtRJgBVJzelrzg==",
      "dependencies": [
        "globalyzer",
        "globrex"
      ]
    },
    "totalist@3.0.1": {
      "integrity": "sha512-sf4i37nQ2LBx4m3wB74y+ubopq6W/dIzXg0FDGjsYnZHVa1Da8FH853wlL2gtUhg+xJXjfk3kUZS3BRoQeoQBQ=="
    },
    "typescript@5.7.2": {
      "integrity": "sha512-i5t66RHxDvVN40HfDd1PsEThGNnlMCMT3jMUuoh9/0TaqWevNontacunWyN02LA9/fIbEWlcHZcgTKb9QoaLfg=="
    },
    "undici-types@6.19.8": {
      "integrity": "sha512-ve2KP6f/JnbPBFyobGHuerC9g1FYGn/F8n1LWTwNxCEzd6IfqTwUQcNXgEtmmQ6DlRrC1hrSrBnCZPokRrDHjw=="
    },
    "undici@5.28.4": {
      "integrity": "sha512-72RFADWFqKmUb2hmmvNODKL3p9hcB6Gt2DOQMis1SEBaV6a4MH8soBvzg+95CYhCKPFedut2JY9bMfrDl9D23g==",
      "dependencies": [
        "@fastify/busboy"
      ]
    },
    "vite@4.5.5_@types+node@22.5.4": {
      "integrity": "sha512-ifW3Lb2sMdX+WU91s3R0FyQlAyLxOzCSCP37ujw0+r5POeHPwe6udWVIElKQq8gk3t7b8rkmvqC6IHBpCff4GQ==",
      "dependencies": [
        "@types/node",
        "esbuild@0.18.20",
        "fsevents",
        "postcss",
        "rollup@3.29.5"
      ]
    },
    "vite@6.0.7_@types+node@22.5.4": {
      "integrity": "sha512-RDt8r/7qx9940f8FcOIAH9PTViRrghKaK2K1jY3RaAURrEUbm9Du1mJ72G+jlhtG3WwodnfzY8ORQZbBavZEAQ==",
      "dependencies": [
        "@types/node",
        "esbuild@0.24.2",
        "fsevents",
        "postcss",
        "rollup@4.29.1"
      ]
    },
    "vitefu@0.2.5_vite@4.5.5__@types+node@22.5.4_@types+node@22.5.4": {
      "integrity": "sha512-SgHtMLoqaeeGnd2evZ849ZbACbnwQCIwRH57t18FxcXoZop0uQu0uzlIhJBlF/eWVzuce0sHeqPcDo+evVcg8Q==",
      "dependencies": [
        "vite@4.5.5_@types+node@22.5.4"
      ]
    },
    "vitefu@1.0.5_vite@6.0.7__@types+node@22.5.4_@types+node@22.5.4": {
      "integrity": "sha512-h4Vflt9gxODPFNGPwp4zAMZRpZR7eslzwH2c5hn5kNZ5rhnKyRJ50U+yGCdc2IRaBs8O4haIgLNGrV5CrpMsCA==",
      "dependencies": [
        "vite@6.0.7_@types+node@22.5.4"
      ]
    },
    "zimmerframe@1.1.2": {
      "integrity": "sha512-rAbqEGa8ovJy4pyBxZM70hg4pE6gDgaQ0Sl9M3enG3I0d6H4XSAM3GeNGLKnsBpuijUow064sf7ww1nutC5/3w=="
    }
  },
  "redirects": {
    "https://cdn.skypack.dev/new/svelte-adapter-deno@v0.9.1/dist=es2019": "https://cdn.skypack.dev/error/build:svelte-adapter-deno@v0.9.1-iZmB6n62T4t1E42dqyQM",
    "https://cdn.skypack.dev/new/vite@v6.0.3/dist=es2019": "https://cdn.skypack.dev/error/build:vite@v6.0.3-KT1e8wDqdaCkJCExRH9Q",
    "https://cdn.skypack.dev/svelte-adapter-deno": "https://cdn.skypack.dev/new/svelte-adapter-deno@v0.9.1/dist=es2019",
    "https://cdn.skypack.dev/vite?dts": "https://cdn.skypack.dev/new/vite@v6.0.3/dist=es2019",
    "https://deno.land/x/bcrypt/mod.ts": "https://deno.land/x/bcrypt@v0.4.1/mod.ts",
    "https://deno.land/x/djwt/mod.ts": "https://deno.land/x/djwt@v3.0.2/mod.ts",
    "https://deno.land/x/oak/mod.ts": "https://deno.land/x/oak@v17.1.3/mod.ts"
  },
  "remote": {
    "https://cdn.skypack.dev/error/build:svelte-adapter-deno@v0.9.1-iZmB6n62T4t1E42dqyQM": "a6b63490e5f1513c6020d5b4cef325b89f9ccb62335cee19cdc72a285c84b52e",
    "https://cdn.skypack.dev/error/build:vite@v6.0.3-KT1e8wDqdaCkJCExRH9Q": "718ac643e0d602937ff3fe909a20a900698a140c29ef7699ec6fe564bb78fb3e",
    "https://deno.land/std@0.221.0/encoding/_util.ts": "beacef316c1255da9bc8e95afb1fa56ed69baef919c88dc06ae6cb7a6103d376",
    "https://deno.land/std@0.221.0/encoding/base64.ts": "8ccae67a1227b875340a8582ff707f37b131df435b07080d3bb58e07f5f97807",
    "https://deno.land/std@0.221.0/encoding/base64url.ts": "9cc46cf510436be63ac00ebf97a7de1993e603ca58e1853b344bf90d80ea9945",
    "https://deno.land/x/bcrypt@v0.4.1/mod.ts": "ff09bdae282583cf5f7d87efe37ddcecef7f14f6d12e8b8066a3058db8c6c2f7",
    "https://deno.land/x/bcrypt@v0.4.1/src/bcrypt/base64.ts": "b8266450a4f1eb6960f60f2f7986afc4dde6b45bd2d7ee7ba10789e67e17b9f7",
    "https://deno.land/x/bcrypt@v0.4.1/src/bcrypt/bcrypt.ts": "ec221648cc6453ea5e3803bc817c01157dada06aa6f7a0ba6b9f87aae32b21e2",
    "https://deno.land/x/bcrypt@v0.4.1/src/main.ts": "08d201b289c8d9c46f8839c69cd6625b213863db29775c7a200afc3b540e64f8",
    "https://deno.land/x/djwt@v3.0.2/algorithm.ts": "b1c6645f9dbd6e6c47c123a3b18c28b956f91c65ed17f5b6d5d968fc3750542b",
    "https://deno.land/x/djwt@v3.0.2/deps.ts": "a7954fe567f2097b4f6aca11d091b6df658e485a817ac4dee47257ed5c28fd6e",
    "https://deno.land/x/djwt@v3.0.2/mod.ts": "962d8f2c4d6a4db111f45d777b152356aec31ba7db0ca664601175a422629857",
    "https://deno.land/x/djwt@v3.0.2/signature.ts": "16238fbf558267c85dd6c0178045f006c8b914a7301db87149f3318326569272",
    "https://deno.land/x/djwt@v3.0.2/util.ts": "5cb264d2125c553678e11446bcfa0494025d120e3f59d0a3ab38f6800def697d",
    "https://deno.land/x/oak@v17.1.3/application.ts": "2bcc73b3f22a193554c9958f7080ea635db25594d25ff7944021fca5bf74adba",
    "https://deno.land/x/oak@v17.1.3/body.ts": "0eb7ab9df44d1b79933463d596b5e1a4f0991c94cff591861e58a413bda3f3db",
    "https://deno.land/x/oak@v17.1.3/context.ts": "345cfdaa5a2310558ee0863f2fba5f9ba648188412b16ce342c33266c085f5d3",
    "https://deno.land/x/oak@v17.1.3/deps.ts": "b778c76e91d6d2afe6124981212b6dc3d0b195739ea01857a45396dc78812b59",
    "https://deno.land/x/oak@v17.1.3/http_server_bun.ts": "cb3a66c735cd0533c4c3776b37ae627ab42344c82f91dff63e3030d9656fd3a0",
    "https://deno.land/x/oak@v17.1.3/http_server_native.ts": "3bea00ebb9638203d2449fbf9a14a6b87f119bd45012f13282ececdf7b4c4242",
    "https://deno.land/x/oak@v17.1.3/http_server_native_request.ts": "a4da6f4939736e6323720db2d4b0d19ff2e83f02e52ab1eea9ae80f2c047fa56",
    "https://deno.land/x/oak@v17.1.3/http_server_node.ts": "9bb5291c15305b297fd634aa4c6b1d5054368f4b7a171d7c7c302c73eb2489ed",
    "https://deno.land/x/oak@v17.1.3/middleware.ts": "4170180fe5009d2581a0bdc995e5953b90ccb5b1c3767f3eae8a4fe238b8bd81",
    "https://deno.land/x/oak@v17.1.3/middleware/etag.ts": "eb3cb3a8862ca1990ce80b7d1c3f142c866b22d34c2f785a0e8b46bc34b91f7d",
    "https://deno.land/x/oak@v17.1.3/middleware/proxy.ts": "104890bd3990fa68618c36141d56aff5f95a51deac57ce8b8b0c7a14a8fd2ea4",
    "https://deno.land/x/oak@v17.1.3/middleware/serve.ts": "efceebd70afb73bcabe0a6a8981f3d8474a2f2f30e85b46761aee49e81bd9d6a",
    "https://deno.land/x/oak@v17.1.3/mod.ts": "38e53e01e609583e843f3e2b2677de9872d23d68939ce0de85b402e7a8db01a7",
    "https://deno.land/x/oak@v17.1.3/node_shims.ts": "4db1569b2b79b73f37c4d947f4aaa50a93e266d48fe67601c8a31af17a28884d",
    "https://deno.land/x/oak@v17.1.3/request.ts": "1e7f2c338cd6889b616bbdc9e2062eac27acbffde05c685adfb1c60ecc80682a",
    "https://deno.land/x/oak@v17.1.3/response.ts": "75724db76f2dd782827f2dcaa00e4e1732709399bad2458c787fed2c95c4f8be",
    "https://deno.land/x/oak@v17.1.3/router.ts": "d625307016e5db92a9ff187d9917093cb441a8c442c0d78d8dbdbd9575816b72",
    "https://deno.land/x/oak@v17.1.3/send.ts": "28132e2ebeb0c8d4ab41624ae8f1a7adf652cfddd91e77911274cbc413499fe8",
    "https://deno.land/x/oak@v17.1.3/testing.ts": "cbefaf9d21452e829999eda9b99b920df7fde3f702528a484a4433ffed20a9cf",
    "https://deno.land/x/oak@v17.1.3/types.ts": "cd4ccd3e182d0cba2117cd27f560267970470ab9c0ff6556cadd73f605193be7",
    "https://deno.land/x/oak@v17.1.3/utils/clone_state.ts": "cf8989ddd56816b36ada253ae0acdbd46cdf3d68dbe674d2b66c46640fab3500",
    "https://deno.land/x/oak@v17.1.3/utils/consts.ts": "137c4f73479f5e98a13153b9305f06f0d85df3cf2aacad2c9f82d4c1f3a2f105",
    "https://deno.land/x/oak@v17.1.3/utils/create_promise_with_resolvers.ts": "de99e9a998162b929a011f8873eaf0895cf4742492b3ce6f6866d39217342523",
    "https://deno.land/x/oak@v17.1.3/utils/decode.ts": "2fd843f1217872318c339006dad266d62cdb99bff84bb6adef8a4b86269f51ce",
    "https://deno.land/x/oak@v17.1.3/utils/decode_component.ts": "d3e2c40ecdd2fdb79761c6e9ae224cf01a4643f7c5f4c1e0b69698d43025261b",
    "https://deno.land/x/oak@v17.1.3/utils/encode_url.ts": "c0ed6b318eb9523adeebba32eb9acd059c0f94d3511b2b9e3b024722d1b3dfb8",
    "https://deno.land/x/oak@v17.1.3/utils/resolve_path.ts": "aa39d54a003b38fee55f340a0cba3f93a7af85b8ddd5fbfb049a98fc0109b36d",
    "https://deno.land/x/oak@v17.1.3/utils/streams.ts": "3da73b94681f8d27a82cc67df3f91090ec0bd6c3e9ab957af588d41ab585d923",
    "https://deno.land/x/oak@v17.1.3/utils/type_guards.ts": "a8dbb5ab7424f0355b121537d2454f927e0ca9949262fb67ac4fbefbd5880313"
  },
  "workspace": {
    "packageJson": {
      "dependencies": [
        "npm:@svelte-put/qr@^2.1.0",
        "npm:@sveltejs/adapter-node@^5.2.9",
        "npm:@sveltejs/kit@^2.10.1",
        "npm:@sveltejs/vite-plugin-svelte@5",
        "npm:@types/deno@2",
        "npm:svelte-check@4",
        "npm:svelte@5",
        "npm:typescript@5",
        "npm:vite@6"
      ]
    }
  }
}
